
Microsoft Visual Studio Solution File, Format Version 12.00
# Visual Studio 15
VisualStudioVersion = 15.0.28010.2016
MinimumVisualStudioVersion = 10.0.40219.1
Project("{F184B08F-C81C-45F6-A57F-5ABD9991F28F}") = "ChainOfResponsability", "ChainOfResponsability\ChainOfResponsability.vbproj", "{EC3D8F77-00E9-4BDF-941C-3F173C96AEBB}"
EndProject
Project("{F184B08F-C81C-45F6-A57F-5ABD9991F28F}") = "UnitTest_1", "UnitTest_1\UnitTest_1.vbproj", "{52841E58-3E9E-4825-A840-8B5B596077F3}"
EndProject
Global
	GlobalSection(SolutionConfigurationPlatforms) = preSolution
		Debug|Any CPU = Debug|Any CPU
		Release|Any CPU = Release|Any CPU
	EndGlobalSection
	GlobalSection(ProjectConfigurationPlatforms) = postSolution
		{EC3D8F77-00E9-4BDF-941C-3F173C96AEBB}.Debug|Any CPU.ActiveCfg = Debug|Any CPU
		{EC3D8F77-00E9-4BDF-941C-3F173C96AEBB}.Debug|Any CPU.Build.0 = Debug|Any CPU
		{EC3D8F77-00E9-4BDF-941C-3F173C96AEBB}.Release|Any CPU.ActiveCfg = Release|Any CPU
		{EC3D8F77-00E9-4BDF-941C-3F173C96AEBB}.Release|Any CPU.Build.0 = Release|Any CPU
		{52841E58-3E9E-4825-A840-8B5B596077F3}.Debug|Any CPU.ActiveCfg = Debug|Any CPU
		{52841E58-3E9E-4825-A840-8B5B596077F3}.Debug|Any CPU.Build.0 = Debug|Any CPU
		{52841E58-3E9E-4825-A840-8B5B596077F3}.Release|Any CPU.ActiveCfg = Release|Any CPU
		{52841E58-3E9E-4825-A840-8B5B596077F3}.Release|Any CPU.Build.0 = Release|Any CPU
	EndGlobalSection
	GlobalSection(SolutionProperties) = preSolution
		HideSolutionNode = FALSE
	EndGlobalSection
	GlobalSection(ExtensibilityGlobals) = postSolution
		SolutionGuid = {1F275138-5319-445E-82A6-89CD98E9293A}
	EndGlobalSection
EndGlobal
